// !$*UTF8*$!
{
	archiveVersion = 1;
	classes = {
	};
	objectVersion = 46;
	objects = {

/* Begin PBXBuildFile section */
		C73280751C92DBD600EEBA2D /* AppDelegate.swift in Sources */ = {isa = PBXBuildFile; fileRef = C73280741C92DBD600EEBA2D /* AppDelegate.swift */; };
		C73280771C92DBD600EEBA2D /* ViewController.swift in Sources */ = {isa = PBXBuildFile; fileRef = C73280761C92DBD600EEBA2D /* ViewController.swift */; };
		C732807A1C92DBD600EEBA2D /* Main.storyboard in Resources */ = {isa = PBXBuildFile; fileRef = C73280781C92DBD600EEBA2D /* Main.storyboard */; };
		C732807C1C92DBD600EEBA2D /* Assets.xcassets in Resources */ = {isa = PBXBuildFile; fileRef = C732807B1C92DBD600EEBA2D /* Assets.xcassets */; };
		C732807F1C92DBD600EEBA2D /* LaunchScreen.storyboard in Resources */ = {isa = PBXBuildFile; fileRef = C732807D1C92DBD600EEBA2D /* LaunchScreen.storyboard */; };
/* End PBXBuildFile section */

/* Begin PBXFileReference section */
		C73280711C92DBD600EEBA2D /* TimesTables.app */ = {isa = PBXFileReference; explicitFileType = wrapper.application; includeInIndex = 0; path = TimesTables.app; sourceTree = BUILT_PRODUCTS_DIR; };
		C73280741C92DBD600EEBA2D /* AppDelegate.swift */ = {isa = PBXFileReference; lastKnownFileType = sourcecode.swift; path = AppDelegate.swift; sourceTree = "<group>"; };
		C73280761C92DBD600EEBA2D /* ViewController.swift */ = {isa = PBXFileReference; lastKnownFileType = sourcecode.swift; path = ViewController.swift; sourceTree = "<group>"; };
		C73280791C92DBD600EEBA2D /* Base */ = {isa = PBXFileReference; lastKnownFileType = file.storyboard; name = Base; path = Base.lproj/Main.storyboard; sourceTree = "<group>"; };
		C732807B1C92DBD600EEBA2D /* Assets.xcassets */ = {isa = PBXFileReference; lastKnownFileType = folder.assetcatalog; path = Assets.xcassets; sourceTree = "<group>"; };
		C732807E1C92DBD600EEBA2D /* Base */ = {isa = PBXFileReference; lastKnownFileType = file.storyboard; name = Base; path = Base.lproj/LaunchScreen.storyboard; sourceTree = "<group>"; };
		C73280801C92DBD600EEBA2D /* Info.plist */ = {isa = PBXFileReference; lastKnownFileType = text.plist.xml; path = Info.plist; sourceTree = "<group>"; };
/* End PBXFileReference section */

/* Begin PBXFrameworksBuildPhase section */
		C732806E1C92DBD600EEBA2D /* Frameworks */ = {
			isa = PBXFrameworksBuildPhase;
			buildActionMask = 2147483647;
			files = (
			);
			runOnlyForDeploymentPostprocessing = 0;
		};
/* End PBXFrameworksBuildPhase section */

/* Begin PBXGroup section */
		C73280681C92DBD600EEBA2D = {
			isa = PBXGroup;
			children = (
				C73280731C92DBD600EEBA2D /* TimesTables */,
				C73280721C92DBD600EEBA2D /* Products */,
			);
			sourceTree = "<group>";
		};
		C73280721C92DBD600EEBA2D /* Products */ = {
			isa = PBXGroup;
			children = (
				C73280711C92DBD600EEBA2D /* TimesTables.app */,
			);
			name = Products;
			sourceTree = "<group>";
		};
		C73280731C92DBD600EEBA2D /* TimesTables */ = {
			isa = PBXGroup;
			children = (
				C73280741C92DBD600EEBA2D /* AppDelegate.swift */,
				C73280761C92DBD600EEBA2D /* ViewController.swift */,
				C73280781C92DBD600EEBA2D /* Main.storyboard */,
				C732807B1C92DBD600EEBA2D /* Assets.xcassets */,
				C732807D1C92DBD600EEBA2D /* LaunchScreen.storyboard */,
				C73280801C92DBD600EEBA2D /* Info.plist */,
			);
			path = TimesTables;
			sourceTree = "<group>";
		};
/* End PBXGroup section */

/* Begin PBXNativeTarget section */
		C73280701C92DBD600EEBA2D /* TimesTables */ = {
			isa = PBXNativeTarget;
			buildConfigurationList = C73280831C92DBD600EEBA2D /* Build configuration list for PBXNativeTarget "TimesTables" */;
			buildPhases = (
				C732806D1C92DBD600EEBA2D /* Sources */,
				C732806E1C92DBD600EEBA2D /* Frameworks */,
				C732806F1C92DBD600EEBA2D /* Resources */,
			);
			buildRules = (
			);
			dependencies = (
			);
			name = TimesTables;
			productName = TimesTables;
			productReference = C73280711C92DBD600EEBA2D /* TimesTables.app */;
			productType = "com.apple.product-type.application";
		};
/* End PBXNativeTarget section */

/* Begin PBXProject section */
		C73280691C92DBD600EEBA2D /* Project object */ = {
			isa = PBXProject;
			attributes = {
				LastSwiftUpdateCheck = 0720;
				LastUpgradeCheck = 0720;
				ORGANIZATIONNAME = "Zeynep Aykal";
				TargetAttributes = {
					C73280701C92DBD600EEBA2D = {
						CreatedOnToolsVersion = 7.2;
					};
				};
			};
			buildConfigurationList = C732806C1C92DBD600EEBA2D /* Build configuration list for PBXProject "TimesTables" */;
			compatibilityVersion = "Xcode 3.2";
			developmentRegion = English;
			hasScannedForEncodings = 0;
			knownRegions = (
				en,
				Base,
			);
			mainGroup = C73280681C92DBD600EEBA2D;
			productRefGroup = C73280721C92DBD600EEBA2D /* Products */;
			projectDirPath = "";
			projectRoot = "";
			targets = (
				C73280701C92DBD600EEBA2D /* TimesTables */,
			);
		};
/* End PBXProject section */

/* Begin PBXResourcesBuildPhase section */
		C732806F1C92DBD600EEBA2D /* Resources */ = {
			isa = PBXResourcesBuildPhase;
			buildActionMask = 2147483647;
			files = (
				C732807F1C92DBD600EEBA2D /* LaunchScreen.storyboard in Resources */,
				C732807C1C92DBD600EEBA2D /* Assets.xcassets in Resources */,
				C732807A1C92DBD600EEBA2D /* Main.storyboard in Resources */,
			);
			runOnlyForDeploymentPostprocessing = 0;
		};
/* End PBXResourcesBuildPhase section */

/* Begin PBXSourcesBuildPhase section */
		C732806D1C92DBD600EEBA2D /* Sources */ = {
			isa = PBXSourcesBuildPhase;
			buildActionMask = 2147483647;
			files = (
				C73280771C92DBD600EEBA2D /* ViewController.swift in Sources */,
				C73280751C92DBD600EEBA2D /* AppDelegate.swift in Sources */,
			);
			runOnlyForDeploymentPostprocessing = 0;
		};
/* End PBXSourcesBuildPhase section */

/* Begin PBXVariantGroup section */
		C73280781C92DBD600EEBA2D /* Main.storyboard */ = {
			isa = PBXVariantGroup;
			children = (
				C73280791C92DBD600EEBA2D /* Base */,
			);
			name = Main.storyboard;
			sourceTree = "<group>";
		};
		C732807D1C92DBD600EEBA2D /* LaunchScreen.storyboard */ = {
			isa = PBXVariantGroup;
			children = (
				C732807E1C92DBD600EEBA2D /* Base */,
			);
			name = LaunchScreen.storyboard;
			sourceTree = "<group>";
		};
/* End PBXVariantGroup section */

/* Begin XCBuildConfiguration section */
		C73280811C92DBD600EEBA2D /* Debug */ = {
			isa = XCBuildConfiguration;
			buildSettings = {
				ALWAYS_SEARCH_USER_PATHS = NO;
				CLANG_CXX_LANGUAGE_STANDARD = "gnu++0x";
				CLANG_CXX_LIBRARY = "libc++";
				CLANG_ENABLE_MODULES = YES;
				CLANG_ENABLE_OBJC_ARC = YES;
				CLANG_WARN_BOOL_CONVERSION = YES;
				CLANG_WARN_CONSTANT_CONVERSION = YES;
				CLANG_WARN_DIRECT_OBJC_ISA_USAGE = YES_ERROR;
				CLANG_WARN_EMPTY_BODY = YES;
				CLANG_WARN_ENUM_CONVERSION = YES;
				CLANG_WARN_INT_CONVERSION = YES;
				CLANG_WARN_OBJC_ROOT_CLASS = YES_ERROR;
				CLANG_WARN_UNREACHABLE_CODE = YES;
				CLANG_WARN__DUPLICATE_METHOD_MATCH = YES;
				"CODE_SIGN_IDENTITY[sdk=iphoneos*]" = "iPhone Developer";
				COPY_PHASE_STRIP = NO;
				DEBUG_INFORMATION_FORMAT = dwarf;
				ENABLE_STRICT_OBJC_MSGSEND = YES;
				ENABLE_TESTABILITY = YES;
				GCC_C_LANGUAGE_STANDARD = gnu99;
				GCC_DYNAMIC_NO_PIC = NO;
				GCC_NO_COMMON_BLOCKS = YES;
				GCC_OPTIMIZATION_LEVEL = 0;
				GCC_PREPROCESSOR_DEFINITIONS = (
					"DEBUG=1",
					"$(inherited)",
				);
				GCC_WARN_64_TO_32_BIT_CONVERSION = YES;
				GCC_WARN_ABOUT_RETURN_TYPE = YES_ERROR;
				GCC_WARN_UNDECLARED_SELECTOR = YES;
				GCC_WARN_UNINITIALIZED_AUTOS = YES_AGGRESSIVE;
				GCC_WARN_UNUSED_FUNCTION = YES;
				GCC_WARN_UNUSED_VARIABLE = YES;
				IPHONEOS_DEPLOYMENT_TARGET = 9.2;
				MTL_ENABLE_DEBUG_INFO = YES;
				ONLY_ACTIVE_ARCH = YES;
				SDKROOT = iphoneos;
				SWIFT_OPTIMIZATION_LEVEL = "-Onone";
			};
			name = Debug;
		};
		C73280821C92DBD600EEBA2D /* Release */ = {
			isa = XCBuildConfiguration;
			buildSettings = {
				ALWAYS_SEARCH_USER_PATHS = NO;
				CLANG_CXX_LANGUAGE_STANDARD = "gnu++0x";
				CLANG_CXX_LIBRARY = "libc++";
				CLANG_ENABLE_MODULES = YES;
				CLANG_ENABLE_OBJC_ARC = YES;
				CLANG_WARN_BOOL_CONVERSION = YES;
				CLANG_WARN_CONSTANT_CONVERSION = YES;
				CLANG_WARN_DIRECT_OBJC_ISA_USAGE = YES_ERROR;
				CLANG_WARN_EMPTY_BODY = YES;
				CLANG_WARN_ENUM_CONVERSION = YES;
				CLANG_WARN_INT_CONVERSION = YES;
				CLANG_WARN_OBJC_ROOT_CLASS = YES_ERROR;
				CLANG_WARN_UNREACHABLE_CODE = YES;
				CLANG_WARN__DUPLICATE_METHOD_MATCH = YES;
				"CODE_SIGN_IDENTITY[sdk=iphoneos*]" = "iPhone Developer";
				COPY_PHASE_STRIP = NO;
				DEBUG_INFORMATION_FORMAT = "dwarf-with-dsym";
				ENABLE_NS_ASSERTIONS = NO;
				ENABLE_STRICT_OBJC_MSGSEND = YES;
				GCC_C_LANGUAGE_STANDARD = gnu99;
				GCC_NO_COMMON_BLOCKS = YES;
				GCC_WARN_64_TO_32_BIT_CONVERSION = YES;
				GCC_WARN_ABOUT_RETURN_TYPE = YES_ERROR;
				GCC_WARN_UNDECLARED_SELECTOR = YES;
				GCC_WARN_UNINITIALIZED_AUTOS = YES_AGGRESSIVE;
				GCC_WARN_UNUSED_FUNCTION = YES;
				GCC_WARN_UNUSED_VARIABLE = YES;
				IPHONEOS_DEPLOYMENT_TARGET = 9.2;
				MTL_ENABLE_DEBUG_INFO = NO;
				SDKROOT = iphoneos;
				VALIDATE_PRODUCT = YES;
			};
			name = Release;
		};
		C73280841C92DBD600EEBA2D /* Debug */ = {
			isa = XCBuildConfiguration;
			buildSettings = {
				ASSETCATALOG_COMPILER_APPICON_NAME = AppIcon;
				INFOPLIST_FILE = TimesTables/Info.plist;
				LD_RUNPATH_SEARCH_PATHS = "$(inherited) @executable_path/Frameworks";
				PRODUCT_BUNDLE_IDENTIFIER = cgi.TimesTables;
				PRODUCT_NAME = "$(TARGET_NAME)";
			};
			name = Debug;
		};
		C73280851C92DBD600EEBA2D /* Release */ = {
			isa = XCBuildConfiguration;
			buildSettings = {
				ASSETCATALOG_COMPILER_APPICON_NAME = AppIcon;
				INFOPLIST_FILE = TimesTables/Info.plist;
				LD_RUNPATH_SEARCH_PATHS = "$(inherited) @executable_path/Frameworks";
				PRODUCT_BUNDLE_IDENTIFIER = cgi.TimesTables;
				PRODUCT_NAME = "$(TARGET_NAME)";
			};
			name = Release;
		};
/* End XCBuildConfiguration section */

/* Begin XCConfigurationList section */
		C732806C1C92DBD600EEBA2D /* Build configuration list for PBXProject "TimesTables" */ = {
			isa = XCConfigurationList;
			buildConfigurations = (
				C73280811C92DBD600EEBA2D /* Debug */,
				C73280821C92DBD600EEBA2D /* Release */,
			);
			defaultConfigurationIsVisible = 0;
			defaultConfigurationName = Release;
		};
		C73280831C92DBD600EEBA2D /* Build configuration list for PBXNativeTarget "TimesTables" */ = {
			isa = XCConfigurationList;
			buildConfigurations = (
				C73280841C92DBD600EEBA2D /* Debug */,
				C73280851C92DBD600EEBA2D /* Release */,
			);
			defaultConfigurationIsVisible = 0;
		};
/* End XCConfigurationList section */
	};
	rootObject = C73280691C92DBD600EEBA2D /* Project object */;
}
